
Microsoft Visual Studio Solution File, Format Version 12.00
# Visual Studio 15
VisualStudioVersion = 15.0.28010.2050
MinimumVisualStudioVersion = 10.0.40219.1
Project("{8BC9CEB8-8B4A-11D0-8D11-00A0C91BC942}") = "CPE400-Project", "CPE400-Project\CPE400-Project.vcxproj", "{BD07B1A7-9BF1-4458-BC0C-D7C655ECC6E0}"
EndProject
Global
	GlobalSection(SolutionConfigurationPlatforms) = preSolution
		Debug|x64 = Debug|x64
		Debug|x86 = Debug|x86
		Release|x64 = Release|x64
		Release|x86 = Release|x86
	EndGlobalSection
	GlobalSection(ProjectConfigurationPlatforms) = postSolution
		{BD07B1A7-9BF1-4458-BC0C-D7C655ECC6E0}.Debug|x64.ActiveCfg = Debug|x64
		{BD07B1A7-9BF1-4458-BC0C-D7C655ECC6E0}.Debug|x64.Build.0 = Debug|x64
		{BD07B1A7-9BF1-4458-BC0C-D7C655ECC6E0}.Debug|x86.ActiveCfg = Debug|Win32
		{BD07B1A7-9BF1-4458-BC0C-D7C655ECC6E0}.Debug|x86.Build.0 = Debug|Win32
		{BD07B1A7-9BF1-4458-BC0C-D7C655ECC6E0}.Release|x64.ActiveCfg = Release|x64
		{BD07B1A7-9BF1-4458-BC0C-D7C655ECC6E0}.Release|x64.Build.0 = Release|x64
		{BD07B1A7-9BF1-4458-BC0C-D7C655ECC6E0}.Release|x86.ActiveCfg = Release|Win32
		{BD07B1A7-9BF1-4458-BC0C-D7C655ECC6E0}.Release|x86.Build.0 = Release|Win32
	EndGlobalSection
	GlobalSection(SolutionProperties) = preSolution
		HideSolutionNode = FALSE
	EndGlobalSection
	GlobalSection(ExtensibilityGlobals) = postSolution
		SolutionGuid = {D732A42B-AB5C-4E8C-8A8B-1E034108EDFB}
	EndGlobalSection
EndGlobal
